
Microsoft Visual Studio Solution File, Format Version 12.00
# Visual Studio Version 16
VisualStudioVersion = 16.0.31624.102
MinimumVisualStudioVersion = 10.0.40219.1
Project("{9A19103F-16F7-4668-BE54-9A1E7A4F7556}") = "stickynotes", "stickynotes.csproj", "{63D411FE-20FF-45B7-BD03-FA4C0ADB278F}"
EndProject
Project("{FAE04EC0-301F-11D3-BF4B-00C04F79EFBC}") = "stickyNotePopup", "..\stickyNotePopup\stickyNotePopup.csproj", "{0D2838B0-60E9-4FA8-8ED7-007EEC4363F0}"
EndProject
Global
	GlobalSection(SolutionConfigurationPlatforms) = preSolution
		Debug|Any CPU = Debug|Any CPU
		Release|Any CPU = Release|Any CPU
	EndGlobalSection
	GlobalSection(ProjectConfigurationPlatforms) = postSolution
		{63D411FE-20FF-45B7-BD03-FA4C0ADB278F}.Debug|Any CPU.ActiveCfg = Debug|Any CPU
		{63D411FE-20FF-45B7-BD03-FA4C0ADB278F}.Debug|Any CPU.Build.0 = Debug|Any CPU
		{63D411FE-20FF-45B7-BD03-FA4C0ADB278F}.Release|Any CPU.ActiveCfg = Release|Any CPU
		{63D411FE-20FF-45B7-BD03-FA4C0ADB278F}.Release|Any CPU.Build.0 = Release|Any CPU
		{0D2838B0-60E9-4FA8-8ED7-007EEC4363F0}.Debug|Any CPU.ActiveCfg = Debug|Any CPU
		{0D2838B0-60E9-4FA8-8ED7-007EEC4363F0}.Debug|Any CPU.Build.0 = Debug|Any CPU
		{0D2838B0-60E9-4FA8-8ED7-007EEC4363F0}.Release|Any CPU.ActiveCfg = Release|Any CPU
		{0D2838B0-60E9-4FA8-8ED7-007EEC4363F0}.Release|Any CPU.Build.0 = Release|Any CPU
	EndGlobalSection
	GlobalSection(SolutionProperties) = preSolution
		HideSolutionNode = FALSE
	EndGlobalSection
	GlobalSection(ExtensibilityGlobals) = postSolution
		SolutionGuid = {59A50D89-2D80-4F03-8A38-A3B29F00C86B}
	EndGlobalSection
EndGlobal
